
Microsoft Visual Studio Solution File, Format Version 12.00
# TcXaeShell Solution File, Format Version 11.00
VisualStudioVersion = 17.10.35827.194
MinimumVisualStudioVersion = 10.0.40219.1
Project("{B1E792BE-AA5F-4E3C-8C82-674BF9C0715B}") = "Wescana_IntelliJig1", "Wescana_IntelliJig1.tsproj", "{13398D89-5C65-4F38-9D41-4E15023BC091}"
EndProject
Global
	GlobalSection(SolutionConfigurationPlatforms) = preSolution
		Debug|TwinCAT OS (ARMV7-A) = Debug|TwinCAT OS (ARMV7-A)
		Debug|TwinCAT OS (ARMV7-M) = Debug|TwinCAT OS (ARMV7-M)
		Debug|TwinCAT OS (ARMV8-A) = Debug|TwinCAT OS (ARMV8-A)
		Debug|TwinCAT OS (x64) = Debug|TwinCAT OS (x64)
		Debug|TwinCAT OS (x64-E) = Debug|TwinCAT OS (x64-E)
		Debug|TwinCAT RT (x64) = Debug|TwinCAT RT (x64)
		Debug|TwinCAT RT (x86) = Debug|TwinCAT RT (x86)
		Release|TwinCAT OS (ARMV7-A) = Release|TwinCAT OS (ARMV7-A)
		Release|TwinCAT OS (ARMV7-M) = Release|TwinCAT OS (ARMV7-M)
		Release|TwinCAT OS (ARMV8-A) = Release|TwinCAT OS (ARMV8-A)
		Release|TwinCAT OS (x64) = Release|TwinCAT OS (x64)
		Release|TwinCAT OS (x64-E) = Release|TwinCAT OS (x64-E)
		Release|TwinCAT RT (x64) = Release|TwinCAT RT (x64)
		Release|TwinCAT RT (x86) = Release|TwinCAT RT (x86)
	EndGlobalSection
	GlobalSection(ProjectConfigurationPlatforms) = postSolution
		{13398D89-5C65-4F38-9D41-4E15023BC091}.Debug|TwinCAT OS (ARMV7-A).ActiveCfg = Debug|TwinCAT OS (ARMV7-A)
		{13398D89-5C65-4F38-9D41-4E15023BC091}.Debug|TwinCAT OS (ARMV7-A).Build.0 = Debug|TwinCAT OS (ARMV7-A)
		{13398D89-5C65-4F38-9D41-4E15023BC091}.Debug|TwinCAT OS (ARMV7-M).ActiveCfg = Debug|TwinCAT OS (ARMV7-M)
		{13398D89-5C65-4F38-9D41-4E15023BC091}.Debug|TwinCAT OS (ARMV7-M).Build.0 = Debug|TwinCAT OS (ARMV7-M)
		{13398D89-5C65-4F38-9D41-4E15023BC091}.Debug|TwinCAT OS (ARMV8-A).ActiveCfg = Debug|TwinCAT OS (ARMV8-A)
		{13398D89-5C65-4F38-9D41-4E15023BC091}.Debug|TwinCAT OS (ARMV8-A).Build.0 = Debug|TwinCAT OS (ARMV8-A)
		{13398D89-5C65-4F38-9D41-4E15023BC091}.Debug|TwinCAT OS (x64).ActiveCfg = Debug|TwinCAT OS (x64)
		{13398D89-5C65-4F38-9D41-4E15023BC091}.Debug|TwinCAT OS (x64).Build.0 = Debug|TwinCAT OS (x64)
		{13398D89-5C65-4F38-9D41-4E15023BC091}.Debug|TwinCAT OS (x64-E).ActiveCfg = Debug|TwinCAT OS (x64-E)
		{13398D89-5C65-4F38-9D41-4E15023BC091}.Debug|TwinCAT OS (x64-E).Build.0 = Debug|TwinCAT OS (x64-E)
		{13398D89-5C65-4F38-9D41-4E15023BC091}.Debug|TwinCAT RT (x64).ActiveCfg = Debug|TwinCAT RT (x64)
		{13398D89-5C65-4F38-9D41-4E15023BC091}.Debug|TwinCAT RT (x64).Build.0 = Debug|TwinCAT RT (x64)
		{13398D89-5C65-4F38-9D41-4E15023BC091}.Debug|TwinCAT RT (x86).ActiveCfg = Debug|TwinCAT RT (x86)
		{13398D89-5C65-4F38-9D41-4E15023BC091}.Debug|TwinCAT RT (x86).Build.0 = Debug|TwinCAT RT (x86)
		{13398D89-5C65-4F38-9D41-4E15023BC091}.Release|TwinCAT OS (ARMV7-A).ActiveCfg = Release|TwinCAT OS (ARMV7-A)
		{13398D89-5C65-4F38-9D41-4E15023BC091}.Release|TwinCAT OS (ARMV7-A).Build.0 = Release|TwinCAT OS (ARMV7-A)
		{13398D89-5C65-4F38-9D41-4E15023BC091}.Release|TwinCAT OS (ARMV7-M).ActiveCfg = Release|TwinCAT OS (ARMV7-M)
		{13398D89-5C65-4F38-9D41-4E15023BC091}.Release|TwinCAT OS (ARMV7-M).Build.0 = Release|TwinCAT OS (ARMV7-M)
		{13398D89-5C65-4F38-9D41-4E15023BC091}.Release|TwinCAT OS (ARMV8-A).ActiveCfg = Release|TwinCAT OS (ARMV8-A)
		{13398D89-5C65-4F38-9D41-4E15023BC091}.Release|TwinCAT OS (ARMV8-A).Build.0 = Release|TwinCAT OS (ARMV8-A)
		{13398D89-5C65-4F38-9D41-4E15023BC091}.Release|TwinCAT OS (x64).ActiveCfg = Release|TwinCAT OS (x64)
		{13398D89-5C65-4F38-9D41-4E15023BC091}.Release|TwinCAT OS (x64).Build.0 = Release|TwinCAT OS (x64)
		{13398D89-5C65-4F38-9D41-4E15023BC091}.Release|TwinCAT OS (x64-E).ActiveCfg = Release|TwinCAT OS (x64-E)
		{13398D89-5C65-4F38-9D41-4E15023BC091}.Release|TwinCAT OS (x64-E).Build.0 = Release|TwinCAT OS (x64-E)
		{13398D89-5C65-4F38-9D41-4E15023BC091}.Release|TwinCAT RT (x64).ActiveCfg = Release|TwinCAT RT (x64)
		{13398D89-5C65-4F38-9D41-4E15023BC091}.Release|TwinCAT RT (x64).Build.0 = Release|TwinCAT RT (x64)
		{13398D89-5C65-4F38-9D41-4E15023BC091}.Release|TwinCAT RT (x86).ActiveCfg = Release|TwinCAT RT (x86)
		{13398D89-5C65-4F38-9D41-4E15023BC091}.Release|TwinCAT RT (x86).Build.0 = Release|TwinCAT RT (x86)
		{9B34E026-8BC7-4FBF-9012-D24DA578CC23}.Debug|TwinCAT OS (ARMV7-A).ActiveCfg = Debug|TwinCAT OS (ARMV7-A)
		{9B34E026-8BC7-4FBF-9012-D24DA578CC23}.Debug|TwinCAT OS (ARMV7-A).Build.0 = Debug|TwinCAT OS (ARMV7-A)
		{9B34E026-8BC7-4FBF-9012-D24DA578CC23}.Debug|TwinCAT OS (ARMV7-M).ActiveCfg = Debug|TwinCAT OS (ARMV7-M)
		{9B34E026-8BC7-4FBF-9012-D24DA578CC23}.Debug|TwinCAT OS (ARMV7-M).Build.0 = Debug|TwinCAT OS (ARMV7-M)
		{9B34E026-8BC7-4FBF-9012-D24DA578CC23}.Debug|TwinCAT OS (ARMV8-A).ActiveCfg = Debug|TwinCAT OS (ARMV8-A)
		{9B34E026-8BC7-4FBF-9012-D24DA578CC23}.Debug|TwinCAT OS (ARMV8-A).Build.0 = Debug|TwinCAT OS (ARMV8-A)
		{9B34E026-8BC7-4FBF-9012-D24DA578CC23}.Debug|TwinCAT OS (x64).ActiveCfg = Debug|TwinCAT OS (x64)
		{9B34E026-8BC7-4FBF-9012-D24DA578CC23}.Debug|TwinCAT OS (x64).Build.0 = Debug|TwinCAT OS (x64)
		{9B34E026-8BC7-4FBF-9012-D24DA578CC23}.Debug|TwinCAT OS (x64-E).ActiveCfg = Debug|TwinCAT OS (x64-E)
		{9B34E026-8BC7-4FBF-9012-D24DA578CC23}.Debug|TwinCAT OS (x64-E).Build.0 = Debug|TwinCAT OS (x64-E)
		{9B34E026-8BC7-4FBF-9012-D24DA578CC23}.Debug|TwinCAT RT (x64).ActiveCfg = Debug|TwinCAT RT (x64)
		{9B34E026-8BC7-4FBF-9012-D24DA578CC23}.Debug|TwinCAT RT (x64).Build.0 = Debug|TwinCAT RT (x64)
		{9B34E026-8BC7-4FBF-9012-D24DA578CC23}.Debug|TwinCAT RT (x86).ActiveCfg = Debug|TwinCAT RT (x86)
		{9B34E026-8BC7-4FBF-9012-D24DA578CC23}.Debug|TwinCAT RT (x86).Build.0 = Debug|TwinCAT RT (x86)
		{9B34E026-8BC7-4FBF-9012-D24DA578CC23}.Release|TwinCAT OS (ARMV7-A).ActiveCfg = Release|TwinCAT OS (ARMV7-A)
		{9B34E026-8BC7-4FBF-9012-D24DA578CC23}.Release|TwinCAT OS (ARMV7-A).Build.0 = Release|TwinCAT OS (ARMV7-A)
		{9B34E026-8BC7-4FBF-9012-D24DA578CC23}.Release|TwinCAT OS (ARMV7-M).ActiveCfg = Release|TwinCAT OS (ARMV7-M)
		{9B34E026-8BC7-4FBF-9012-D24DA578CC23}.Release|TwinCAT OS (ARMV7-M).Build.0 = Release|TwinCAT OS (ARMV7-M)
		{9B34E026-8BC7-4FBF-9012-D24DA578CC23}.Release|TwinCAT OS (ARMV8-A).ActiveCfg = Release|TwinCAT OS (ARMV8-A)
		{9B34E026-8BC7-4FBF-9012-D24DA578CC23}.Release|TwinCAT OS (ARMV8-A).Build.0 = Release|TwinCAT OS (ARMV8-A)
		{9B34E026-8BC7-4FBF-9012-D24DA578CC23}.Release|TwinCAT OS (x64).ActiveCfg = Release|TwinCAT OS (x64)
		{9B34E026-8BC7-4FBF-9012-D24DA578CC23}.Release|TwinCAT OS (x64).Build.0 = Release|TwinCAT OS (x64)
		{9B34E026-8BC7-4FBF-9012-D24DA578CC23}.Release|TwinCAT OS (x64-E).ActiveCfg = Release|TwinCAT OS (x64-E)
		{9B34E026-8BC7-4FBF-9012-D24DA578CC23}.Release|TwinCAT OS (x64-E).Build.0 = Release|TwinCAT OS (x64-E)
		{9B34E026-8BC7-4FBF-9012-D24DA578CC23}.Release|TwinCAT RT (x64).ActiveCfg = Release|TwinCAT RT (x64)
		{9B34E026-8BC7-4FBF-9012-D24DA578CC23}.Release|TwinCAT RT (x64).Build.0 = Release|TwinCAT RT (x64)
		{9B34E026-8BC7-4FBF-9012-D24DA578CC23}.Release|TwinCAT RT (x86).ActiveCfg = Release|TwinCAT RT (x86)
		{9B34E026-8BC7-4FBF-9012-D24DA578CC23}.Release|TwinCAT RT (x86).Build.0 = Release|TwinCAT RT (x86)
	EndGlobalSection
	GlobalSection(SolutionProperties) = preSolution
		HideSolutionNode = FALSE
	EndGlobalSection
	GlobalSection(ExtensibilityGlobals) = postSolution
		SolutionGuid = {7D2A7DFB-AAF4-4FED-9F38-D2374DC2E610}
	EndGlobalSection
EndGlobal
