
Microsoft Visual Studio Solution File, Format Version 12.00
# TcXaeShell Solution File, Format Version 11.00
VisualStudioVersion = 17.10.35827.194
MinimumVisualStudioVersion = 10.0.40219.1
Project("{B1E792BE-AA5F-4E3C-8C82-674BF9C0715B}") = "Sample_Wescana_IntelliJig1", "Sample_Wescana_IntelliJig1.tsproj", "{66A4AFD5-6934-4106-82AF-9107CF157442}"
EndProject
Project("{FE7A1B72-C5B7-4D7C-BB7D-76384D4DE8E1}") = "HMI", "..\HMI\HMI.hmiproj", "{EC11D04F-1B74-4B26-83DE-4148CF5719CC}"
EndProject
Global
	GlobalSection(SolutionConfigurationPlatforms) = preSolution
		Debug|TwinCAT HMI = Debug|TwinCAT HMI
		Debug|TwinCAT OS (ARMV7-A) = Debug|TwinCAT OS (ARMV7-A)
		Debug|TwinCAT OS (ARMV7-M) = Debug|TwinCAT OS (ARMV7-M)
		Debug|TwinCAT OS (ARMV8-A) = Debug|TwinCAT OS (ARMV8-A)
		Debug|TwinCAT OS (x64) = Debug|TwinCAT OS (x64)
		Debug|TwinCAT OS (x64-E) = Debug|TwinCAT OS (x64-E)
		Debug|TwinCAT RT (x64) = Debug|TwinCAT RT (x64)
		Debug|TwinCAT RT (x86) = Debug|TwinCAT RT (x86)
		Release|TwinCAT HMI = Release|TwinCAT HMI
		Release|TwinCAT OS (ARMV7-A) = Release|TwinCAT OS (ARMV7-A)
		Release|TwinCAT OS (ARMV7-M) = Release|TwinCAT OS (ARMV7-M)
		Release|TwinCAT OS (ARMV8-A) = Release|TwinCAT OS (ARMV8-A)
		Release|TwinCAT OS (x64) = Release|TwinCAT OS (x64)
		Release|TwinCAT OS (x64-E) = Release|TwinCAT OS (x64-E)
		Release|TwinCAT RT (x64) = Release|TwinCAT RT (x64)
		Release|TwinCAT RT (x86) = Release|TwinCAT RT (x86)
	EndGlobalSection
	GlobalSection(ProjectConfigurationPlatforms) = postSolution
		{66A4AFD5-6934-4106-82AF-9107CF157442}.Debug|TwinCAT HMI.ActiveCfg = Debug|TwinCAT RT (x86)
		{66A4AFD5-6934-4106-82AF-9107CF157442}.Debug|TwinCAT HMI.Build.0 = Debug|TwinCAT RT (x86)
		{66A4AFD5-6934-4106-82AF-9107CF157442}.Debug|TwinCAT OS (ARMV7-A).ActiveCfg = Debug|TwinCAT OS (ARMV7-A)
		{66A4AFD5-6934-4106-82AF-9107CF157442}.Debug|TwinCAT OS (ARMV7-A).Build.0 = Debug|TwinCAT OS (ARMV7-A)
		{66A4AFD5-6934-4106-82AF-9107CF157442}.Debug|TwinCAT OS (ARMV7-M).ActiveCfg = Debug|TwinCAT OS (ARMV7-M)
		{66A4AFD5-6934-4106-82AF-9107CF157442}.Debug|TwinCAT OS (ARMV7-M).Build.0 = Debug|TwinCAT OS (ARMV7-M)
		{66A4AFD5-6934-4106-82AF-9107CF157442}.Debug|TwinCAT OS (ARMV8-A).ActiveCfg = Debug|TwinCAT OS (ARMV8-A)
		{66A4AFD5-6934-4106-82AF-9107CF157442}.Debug|TwinCAT OS (ARMV8-A).Build.0 = Debug|TwinCAT OS (ARMV8-A)
		{66A4AFD5-6934-4106-82AF-9107CF157442}.Debug|TwinCAT OS (x64).ActiveCfg = Debug|TwinCAT OS (x64)
		{66A4AFD5-6934-4106-82AF-9107CF157442}.Debug|TwinCAT OS (x64).Build.0 = Debug|TwinCAT OS (x64)
		{66A4AFD5-6934-4106-82AF-9107CF157442}.Debug|TwinCAT OS (x64-E).ActiveCfg = Debug|TwinCAT OS (x64-E)
		{66A4AFD5-6934-4106-82AF-9107CF157442}.Debug|TwinCAT OS (x64-E).Build.0 = Debug|TwinCAT OS (x64-E)
		{66A4AFD5-6934-4106-82AF-9107CF157442}.Debug|TwinCAT RT (x64).ActiveCfg = Debug|TwinCAT RT (x64)
		{66A4AFD5-6934-4106-82AF-9107CF157442}.Debug|TwinCAT RT (x64).Build.0 = Debug|TwinCAT RT (x64)
		{66A4AFD5-6934-4106-82AF-9107CF157442}.Debug|TwinCAT RT (x86).ActiveCfg = Debug|TwinCAT RT (x86)
		{66A4AFD5-6934-4106-82AF-9107CF157442}.Debug|TwinCAT RT (x86).Build.0 = Debug|TwinCAT RT (x86)
		{66A4AFD5-6934-4106-82AF-9107CF157442}.Release|TwinCAT HMI.ActiveCfg = Release|TwinCAT RT (x86)
		{66A4AFD5-6934-4106-82AF-9107CF157442}.Release|TwinCAT HMI.Build.0 = Release|TwinCAT RT (x86)
		{66A4AFD5-6934-4106-82AF-9107CF157442}.Release|TwinCAT OS (ARMV7-A).ActiveCfg = Release|TwinCAT OS (ARMV7-A)
		{66A4AFD5-6934-4106-82AF-9107CF157442}.Release|TwinCAT OS (ARMV7-A).Build.0 = Release|TwinCAT OS (ARMV7-A)
		{66A4AFD5-6934-4106-82AF-9107CF157442}.Release|TwinCAT OS (ARMV7-M).ActiveCfg = Release|TwinCAT OS (ARMV7-M)
		{66A4AFD5-6934-4106-82AF-9107CF157442}.Release|TwinCAT OS (ARMV7-M).Build.0 = Release|TwinCAT OS (ARMV7-M)
		{66A4AFD5-6934-4106-82AF-9107CF157442}.Release|TwinCAT OS (ARMV8-A).ActiveCfg = Release|TwinCAT OS (ARMV8-A)
		{66A4AFD5-6934-4106-82AF-9107CF157442}.Release|TwinCAT OS (ARMV8-A).Build.0 = Release|TwinCAT OS (ARMV8-A)
		{66A4AFD5-6934-4106-82AF-9107CF157442}.Release|TwinCAT OS (x64).ActiveCfg = Release|TwinCAT OS (x64)
		{66A4AFD5-6934-4106-82AF-9107CF157442}.Release|TwinCAT OS (x64).Build.0 = Release|TwinCAT OS (x64)
		{66A4AFD5-6934-4106-82AF-9107CF157442}.Release|TwinCAT OS (x64-E).ActiveCfg = Release|TwinCAT OS (x64-E)
		{66A4AFD5-6934-4106-82AF-9107CF157442}.Release|TwinCAT OS (x64-E).Build.0 = Release|TwinCAT OS (x64-E)
		{66A4AFD5-6934-4106-82AF-9107CF157442}.Release|TwinCAT RT (x64).ActiveCfg = Release|TwinCAT RT (x64)
		{66A4AFD5-6934-4106-82AF-9107CF157442}.Release|TwinCAT RT (x64).Build.0 = Release|TwinCAT RT (x64)
		{66A4AFD5-6934-4106-82AF-9107CF157442}.Release|TwinCAT RT (x86).ActiveCfg = Release|TwinCAT RT (x86)
		{66A4AFD5-6934-4106-82AF-9107CF157442}.Release|TwinCAT RT (x86).Build.0 = Release|TwinCAT RT (x86)
		{EC11D04F-1B74-4B26-83DE-4148CF5719CC}.Debug|TwinCAT HMI.ActiveCfg = Debug|TwinCAT HMI
		{EC11D04F-1B74-4B26-83DE-4148CF5719CC}.Debug|TwinCAT HMI.Build.0 = Debug|TwinCAT HMI
		{EC11D04F-1B74-4B26-83DE-4148CF5719CC}.Debug|TwinCAT OS (ARMV7-A).ActiveCfg = Debug|TwinCAT HMI
		{EC11D04F-1B74-4B26-83DE-4148CF5719CC}.Debug|TwinCAT OS (ARMV7-A).Build.0 = Debug|TwinCAT HMI
		{EC11D04F-1B74-4B26-83DE-4148CF5719CC}.Debug|TwinCAT OS (ARMV7-M).ActiveCfg = Debug|TwinCAT HMI
		{EC11D04F-1B74-4B26-83DE-4148CF5719CC}.Debug|TwinCAT OS (ARMV7-M).Build.0 = Debug|TwinCAT HMI
		{EC11D04F-1B74-4B26-83DE-4148CF5719CC}.Debug|TwinCAT OS (ARMV8-A).ActiveCfg = Debug|TwinCAT HMI
		{EC11D04F-1B74-4B26-83DE-4148CF5719CC}.Debug|TwinCAT OS (ARMV8-A).Build.0 = Debug|TwinCAT HMI
		{EC11D04F-1B74-4B26-83DE-4148CF5719CC}.Debug|TwinCAT OS (x64).ActiveCfg = Debug|TwinCAT HMI
		{EC11D04F-1B74-4B26-83DE-4148CF5719CC}.Debug|TwinCAT OS (x64).Build.0 = Debug|TwinCAT HMI
		{EC11D04F-1B74-4B26-83DE-4148CF5719CC}.Debug|TwinCAT OS (x64-E).ActiveCfg = Debug|TwinCAT HMI
		{EC11D04F-1B74-4B26-83DE-4148CF5719CC}.Debug|TwinCAT OS (x64-E).Build.0 = Debug|TwinCAT HMI
		{EC11D04F-1B74-4B26-83DE-4148CF5719CC}.Debug|TwinCAT RT (x64).ActiveCfg = Debug|TwinCAT HMI
		{EC11D04F-1B74-4B26-83DE-4148CF5719CC}.Debug|TwinCAT RT (x64).Build.0 = Debug|TwinCAT HMI
		{EC11D04F-1B74-4B26-83DE-4148CF5719CC}.Debug|TwinCAT RT (x86).ActiveCfg = Debug|TwinCAT HMI
		{EC11D04F-1B74-4B26-83DE-4148CF5719CC}.Debug|TwinCAT RT (x86).Build.0 = Debug|TwinCAT HMI
		{EC11D04F-1B74-4B26-83DE-4148CF5719CC}.Release|TwinCAT HMI.ActiveCfg = Release|TwinCAT HMI
		{EC11D04F-1B74-4B26-83DE-4148CF5719CC}.Release|TwinCAT HMI.Build.0 = Release|TwinCAT HMI
		{EC11D04F-1B74-4B26-83DE-4148CF5719CC}.Release|TwinCAT OS (ARMV7-A).ActiveCfg = Release|TwinCAT HMI
		{EC11D04F-1B74-4B26-83DE-4148CF5719CC}.Release|TwinCAT OS (ARMV7-A).Build.0 = Release|TwinCAT HMI
		{EC11D04F-1B74-4B26-83DE-4148CF5719CC}.Release|TwinCAT OS (ARMV7-M).ActiveCfg = Release|TwinCAT HMI
		{EC11D04F-1B74-4B26-83DE-4148CF5719CC}.Release|TwinCAT OS (ARMV7-M).Build.0 = Release|TwinCAT HMI
		{EC11D04F-1B74-4B26-83DE-4148CF5719CC}.Release|TwinCAT OS (ARMV8-A).ActiveCfg = Release|TwinCAT HMI
		{EC11D04F-1B74-4B26-83DE-4148CF5719CC}.Release|TwinCAT OS (ARMV8-A).Build.0 = Release|TwinCAT HMI
		{EC11D04F-1B74-4B26-83DE-4148CF5719CC}.Release|TwinCAT OS (x64).ActiveCfg = Release|TwinCAT HMI
		{EC11D04F-1B74-4B26-83DE-4148CF5719CC}.Release|TwinCAT OS (x64).Build.0 = Release|TwinCAT HMI
		{EC11D04F-1B74-4B26-83DE-4148CF5719CC}.Release|TwinCAT OS (x64-E).ActiveCfg = Release|TwinCAT HMI
		{EC11D04F-1B74-4B26-83DE-4148CF5719CC}.Release|TwinCAT OS (x64-E).Build.0 = Release|TwinCAT HMI
		{EC11D04F-1B74-4B26-83DE-4148CF5719CC}.Release|TwinCAT RT (x64).ActiveCfg = Release|TwinCAT HMI
		{EC11D04F-1B74-4B26-83DE-4148CF5719CC}.Release|TwinCAT RT (x64).Build.0 = Release|TwinCAT HMI
		{EC11D04F-1B74-4B26-83DE-4148CF5719CC}.Release|TwinCAT RT (x86).ActiveCfg = Release|TwinCAT HMI
		{EC11D04F-1B74-4B26-83DE-4148CF5719CC}.Release|TwinCAT RT (x86).Build.0 = Release|TwinCAT HMI
		{6A5F1BCC-B544-4FF3-812F-143C5C66C0B5}.Debug|TwinCAT HMI.ActiveCfg = Debug|TwinCAT RT (x86)
		{6A5F1BCC-B544-4FF3-812F-143C5C66C0B5}.Debug|TwinCAT HMI.Build.0 = Debug|TwinCAT RT (x86)
		{6A5F1BCC-B544-4FF3-812F-143C5C66C0B5}.Debug|TwinCAT OS (ARMV7-A).ActiveCfg = Debug|TwinCAT OS (ARMV7-A)
		{6A5F1BCC-B544-4FF3-812F-143C5C66C0B5}.Debug|TwinCAT OS (ARMV7-A).Build.0 = Debug|TwinCAT OS (ARMV7-A)
		{6A5F1BCC-B544-4FF3-812F-143C5C66C0B5}.Debug|TwinCAT OS (ARMV7-M).ActiveCfg = Debug|TwinCAT OS (ARMV7-M)
		{6A5F1BCC-B544-4FF3-812F-143C5C66C0B5}.Debug|TwinCAT OS (ARMV7-M).Build.0 = Debug|TwinCAT OS (ARMV7-M)
		{6A5F1BCC-B544-4FF3-812F-143C5C66C0B5}.Debug|TwinCAT OS (ARMV8-A).ActiveCfg = Debug|TwinCAT OS (ARMV8-A)
		{6A5F1BCC-B544-4FF3-812F-143C5C66C0B5}.Debug|TwinCAT OS (ARMV8-A).Build.0 = Debug|TwinCAT OS (ARMV8-A)
		{6A5F1BCC-B544-4FF3-812F-143C5C66C0B5}.Debug|TwinCAT OS (x64).ActiveCfg = Debug|TwinCAT OS (x64)
		{6A5F1BCC-B544-4FF3-812F-143C5C66C0B5}.Debug|TwinCAT OS (x64).Build.0 = Debug|TwinCAT OS (x64)
		{6A5F1BCC-B544-4FF3-812F-143C5C66C0B5}.Debug|TwinCAT OS (x64-E).ActiveCfg = Debug|TwinCAT OS (x64-E)
		{6A5F1BCC-B544-4FF3-812F-143C5C66C0B5}.Debug|TwinCAT OS (x64-E).Build.0 = Debug|TwinCAT OS (x64-E)
		{6A5F1BCC-B544-4FF3-812F-143C5C66C0B5}.Debug|TwinCAT RT (x64).ActiveCfg = Debug|TwinCAT RT (x64)
		{6A5F1BCC-B544-4FF3-812F-143C5C66C0B5}.Debug|TwinCAT RT (x64).Build.0 = Debug|TwinCAT RT (x64)
		{6A5F1BCC-B544-4FF3-812F-143C5C66C0B5}.Debug|TwinCAT RT (x86).ActiveCfg = Debug|TwinCAT RT (x86)
		{6A5F1BCC-B544-4FF3-812F-143C5C66C0B5}.Debug|TwinCAT RT (x86).Build.0 = Debug|TwinCAT RT (x86)
		{6A5F1BCC-B544-4FF3-812F-143C5C66C0B5}.Release|TwinCAT HMI.ActiveCfg = Release|TwinCAT RT (x86)
		{6A5F1BCC-B544-4FF3-812F-143C5C66C0B5}.Release|TwinCAT HMI.Build.0 = Release|TwinCAT RT (x86)
		{6A5F1BCC-B544-4FF3-812F-143C5C66C0B5}.Release|TwinCAT OS (ARMV7-A).ActiveCfg = Release|TwinCAT OS (ARMV7-A)
		{6A5F1BCC-B544-4FF3-812F-143C5C66C0B5}.Release|TwinCAT OS (ARMV7-A).Build.0 = Release|TwinCAT OS (ARMV7-A)
		{6A5F1BCC-B544-4FF3-812F-143C5C66C0B5}.Release|TwinCAT OS (ARMV7-M).ActiveCfg = Release|TwinCAT OS (ARMV7-M)
		{6A5F1BCC-B544-4FF3-812F-143C5C66C0B5}.Release|TwinCAT OS (ARMV7-M).Build.0 = Release|TwinCAT OS (ARMV7-M)
		{6A5F1BCC-B544-4FF3-812F-143C5C66C0B5}.Release|TwinCAT OS (ARMV8-A).ActiveCfg = Release|TwinCAT OS (ARMV8-A)
		{6A5F1BCC-B544-4FF3-812F-143C5C66C0B5}.Release|TwinCAT OS (ARMV8-A).Build.0 = Release|TwinCAT OS (ARMV8-A)
		{6A5F1BCC-B544-4FF3-812F-143C5C66C0B5}.Release|TwinCAT OS (x64).ActiveCfg = Release|TwinCAT OS (x64)
		{6A5F1BCC-B544-4FF3-812F-143C5C66C0B5}.Release|TwinCAT OS (x64).Build.0 = Release|TwinCAT OS (x64)
		{6A5F1BCC-B544-4FF3-812F-143C5C66C0B5}.Release|TwinCAT OS (x64-E).ActiveCfg = Release|TwinCAT OS (x64-E)
		{6A5F1BCC-B544-4FF3-812F-143C5C66C0B5}.Release|TwinCAT OS (x64-E).Build.0 = Release|TwinCAT OS (x64-E)
		{6A5F1BCC-B544-4FF3-812F-143C5C66C0B5}.Release|TwinCAT RT (x64).ActiveCfg = Release|TwinCAT RT (x64)
		{6A5F1BCC-B544-4FF3-812F-143C5C66C0B5}.Release|TwinCAT RT (x64).Build.0 = Release|TwinCAT RT (x64)
		{6A5F1BCC-B544-4FF3-812F-143C5C66C0B5}.Release|TwinCAT RT (x86).ActiveCfg = Release|TwinCAT RT (x86)
		{6A5F1BCC-B544-4FF3-812F-143C5C66C0B5}.Release|TwinCAT RT (x86).Build.0 = Release|TwinCAT RT (x86)
	EndGlobalSection
	GlobalSection(SolutionProperties) = preSolution
		HideSolutionNode = FALSE
	EndGlobalSection
	GlobalSection(ExtensibilityGlobals) = postSolution
		SolutionGuid = {E746DE31-36CA-4491-9143-F4EDDBA245CD}
	EndGlobalSection
EndGlobal
